{
  "version": 4,
  "terraform_version": "1.10.1",
  "serial": 70,
  "lineage": "040a60bc-0998-d7d6-4375-7b35a14db47f",
  "outputs": {},
  "resources": [
    {
      "mode": "managed",
      "type": "docker_container",
      "name": "dind_container",
      "provider": "provider[\"registry.terraform.io/kreuzwerker/docker\"]",
      "instances": [
        {
          "schema_version": 2,
          "attributes": {
            "attach": false,
            "bridge": "",
            "capabilities": [],
            "cgroupns_mode": null,
            "command": [],
            "container_logs": null,
            "container_read_refresh_timeout_milliseconds": 15000,
            "cpu_set": "",
            "cpu_shares": 0,
            "destroy_grace_seconds": null,
            "devices": [],
            "dns": null,
            "dns_opts": null,
            "dns_search": null,
            "domainname": "",
            "entrypoint": [
              "dockerd-entrypoint.sh"
            ],
            "env": [
              "DOCKER_TLS_CERTDIR=/certs"
            ],
            "exit_code": null,
            "gpus": null,
            "group_add": null,
            "healthcheck": null,
            "host": [],
            "hostname": "31998d842d65",
            "id": "31998d842d65dd02f4436503a827ec1c115af50b0e0c71954b6db41a0e1da853",
            "image": "sha256:37123e40ec5295ac68158ace2d5c302a8a5d33f6e40b9a3397be063f941d3705",
            "init": false,
            "ipc_mode": "private",
            "labels": [],
            "log_driver": "json-file",
            "log_opts": null,
            "logs": false,
            "max_retry_count": 0,
            "memory": 0,
            "memory_swap": 0,
            "mounts": [],
            "must_run": true,
            "name": "dind_container",
            "network_data": [
              {
                "gateway": "172.17.0.1",
                "global_ipv6_address": "",
                "global_ipv6_prefix_length": 0,
                "ip_address": "172.17.0.2",
                "ip_prefix_length": 16,
                "ipv6_gateway": "",
                "mac_address": "02:42:ac:11:00:02",
                "network_name": "bridge"
              }
            ],
            "network_mode": "bridge",
            "networks_advanced": [],
            "pid_mode": "",
            "ports": [
              {
                "external": 2376,
                "internal": 2376,
                "ip": "0.0.0.0",
                "protocol": "tcp"
              }
            ],
            "privileged": true,
            "publish_all_ports": false,
            "read_only": false,
            "remove_volumes": true,
            "restart": "no",
            "rm": false,
            "runtime": "runc",
            "security_opts": [
              "label=disable"
            ],
            "shm_size": 64,
            "start": true,
            "stdin_open": false,
            "stop_signal": "",
            "stop_timeout": 0,
            "storage_opts": null,
            "sysctls": null,
            "tmpfs": null,
            "tty": false,
            "ulimit": [],
            "upload": [],
            "user": "",
            "userns_mode": "",
            "volumes": [
              {
                "container_path": "/certs/client",
                "from_container": "",
                "host_path": "",
                "read_only": null,
                "volume_name": "jenkins_certs"
              },
              {
                "container_path": "/var/jenkins_home",
                "from_container": "",
                "host_path": "",
                "read_only": null,
                "volume_name": "jenkins_data"
              }
            ],
            "wait": false,
            "wait_timeout": 60,
            "working_dir": "/"
          },
          "sensitive_attributes": [],
          "private": "eyJzY2hlbWFfdmVyc2lvbiI6IjIifQ==",
          "dependencies": [
            "docker_image.dind_image",
            "docker_volume.jenkins_certs",
            "docker_volume.jenkins_data"
          ]
        }
      ]
    },
    {
      "mode": "managed",
      "type": "docker_container",
      "name": "jenkins_container",
      "provider": "provider[\"registry.terraform.io/kreuzwerker/docker\"]",
      "instances": [
        {
          "schema_version": 2,
          "attributes": {
            "attach": false,
            "bridge": "",
            "capabilities": [],
            "cgroupns_mode": null,
            "command": [],
            "container_logs": null,
            "container_read_refresh_timeout_milliseconds": 15000,
            "cpu_set": "",
            "cpu_shares": 0,
            "destroy_grace_seconds": null,
            "devices": [],
            "dns": null,
            "dns_opts": null,
            "dns_search": null,
            "domainname": "",
            "entrypoint": [
              "/usr/bin/tini",
              "--",
              "/usr/local/bin/jenkins.sh"
            ],
            "env": [
              "DOCKER_CERT_PATH=/certs/client",
              "DOCKER_HOST=tcp://docker:2376",
              "DOCKER_TLS_VERIFY=1",
              "JAVA_OPTS=-Dorg.jenkinsci.plugins.durabletask.BourneShellScript.LAUNCH_DIAGNOSTICS=true"
            ],
            "exit_code": null,
            "gpus": null,
            "group_add": null,
            "healthcheck": null,
            "host": [],
            "hostname": "f01a97f5800b",
            "id": "f01a97f5800b9a0ee72a7bc0329d2d29a91197e34bf3a59392c2c96a49f8f7e3",
            "image": "sha256:0628a6ecd13012c1290e1cefcd9def18a08a488431dd44b023c19e86eb2a7054",
            "init": false,
            "ipc_mode": "private",
            "labels": [],
            "log_driver": "json-file",
            "log_opts": null,
            "logs": false,
            "max_retry_count": 0,
            "memory": 0,
            "memory_swap": 0,
            "mounts": [],
            "must_run": true,
            "name": "jenkins_container",
            "network_data": [
              {
                "gateway": "172.21.0.1",
                "global_ipv6_address": "",
                "global_ipv6_prefix_length": 0,
                "ip_address": "172.21.0.2",
                "ip_prefix_length": 16,
                "ipv6_gateway": "",
                "mac_address": "02:42:ac:15:00:02",
                "network_name": "red_entrega"
              }
            ],
            "network_mode": "bridge",
            "networks_advanced": [
              {
                "aliases": [],
                "ipv4_address": "",
                "ipv6_address": "",
                "name": "red_entrega"
              }
            ],
            "pid_mode": "",
            "ports": [
              {
                "external": 8080,
                "internal": 8080,
                "ip": "0.0.0.0",
                "protocol": "tcp"
              },
              {
                "external": 50000,
                "internal": 50000,
                "ip": "0.0.0.0",
                "protocol": "tcp"
              }
            ],
            "privileged": false,
            "publish_all_ports": false,
            "read_only": false,
            "remove_volumes": true,
            "restart": "no",
            "rm": false,
            "runtime": "runc",
            "security_opts": [],
            "shm_size": 64,
            "start": true,
            "stdin_open": false,
            "stop_signal": "",
            "stop_timeout": 0,
            "storage_opts": null,
            "sysctls": null,
            "tmpfs": null,
            "tty": false,
            "ulimit": [],
            "upload": [],
            "user": "root",
            "userns_mode": "",
            "volumes": [
              {
                "container_path": "/certs/client",
                "from_container": "",
                "host_path": "",
                "read_only": true,
                "volume_name": "jenkins_certs"
              },
              {
                "container_path": "/var/jenkins_home",
                "from_container": "",
                "host_path": "",
                "read_only": null,
                "volume_name": "jenkins_data"
              }
            ],
            "wait": false,
            "wait_timeout": 60,
            "working_dir": "/"
          },
          "sensitive_attributes": [],
          "private": "eyJzY2hlbWFfdmVyc2lvbiI6IjIifQ==",
          "dependencies": [
            "docker_network.red_ejercicio",
            "docker_volume.jenkins_certs",
            "docker_volume.jenkins_data",
            "null_resource.build_jenkins_image"
          ]
        }
      ]
    },
    {
      "mode": "managed",
      "type": "docker_image",
      "name": "dind_image",
      "provider": "provider[\"registry.terraform.io/kreuzwerker/docker\"]",
      "instances": [
        {
          "schema_version": 0,
          "attributes": {
            "build": [],
            "force_remove": null,
            "id": "sha256:37123e40ec5295ac68158ace2d5c302a8a5d33f6e40b9a3397be063f941d3705docker:latest",
            "image_id": "sha256:37123e40ec5295ac68158ace2d5c302a8a5d33f6e40b9a3397be063f941d3705",
            "keep_locally": false,
            "name": "docker:latest",
            "platform": null,
            "pull_triggers": null,
            "repo_digest": "docker@sha256:6ca9a6811085e2cf769cbac04bc47daf66629102990391caab7cf37426e939da",
            "triggers": null
          },
          "sensitive_attributes": [],
          "private": "bnVsbA=="
        }
      ]
    },
    {
      "mode": "managed",
      "type": "docker_network",
      "name": "red_ejercicio",
      "provider": "provider[\"registry.terraform.io/kreuzwerker/docker\"]",
      "instances": [
        {
          "schema_version": 1,
          "attributes": {
            "attachable": false,
            "check_duplicate": null,
            "driver": "bridge",
            "id": "9dac64fa850944587afe21e5cc0ae8eeee741f7e4fad716e0e326c579b638b35",
            "ingress": false,
            "internal": false,
            "ipam_config": [
              {
                "aux_address": {},
                "gateway": "172.21.0.1",
                "ip_range": "",
                "subnet": "172.21.0.0/16"
              }
            ],
            "ipam_driver": "default",
            "ipam_options": null,
            "ipv6": false,
            "labels": [],
            "name": "red_entrega",
            "options": {},
            "scope": "local"
          },
          "sensitive_attributes": [],
          "private": "eyJzY2hlbWFfdmVyc2lvbiI6IjEifQ=="
        }
      ]
    },
    {
      "mode": "managed",
      "type": "docker_volume",
      "name": "jenkins_certs",
      "provider": "provider[\"registry.terraform.io/kreuzwerker/docker\"]",
      "instances": [
        {
          "schema_version": 1,
          "attributes": {
            "driver": "local",
            "driver_opts": null,
            "id": "jenkins_certs",
            "labels": [],
            "mountpoint": "/var/lib/docker/volumes/jenkins_certs/_data",
            "name": "jenkins_certs"
          },
          "sensitive_attributes": [],
          "private": "eyJzY2hlbWFfdmVyc2lvbiI6IjEifQ=="
        }
      ]
    },
    {
      "mode": "managed",
      "type": "docker_volume",
      "name": "jenkins_data",
      "provider": "provider[\"registry.terraform.io/kreuzwerker/docker\"]",
      "instances": [
        {
          "schema_version": 1,
          "attributes": {
            "driver": "local",
            "driver_opts": null,
            "id": "jenkins_data",
            "labels": [],
            "mountpoint": "/var/lib/docker/volumes/jenkins_data/_data",
            "name": "jenkins_data"
          },
          "sensitive_attributes": [],
          "private": "eyJzY2hlbWFfdmVyc2lvbiI6IjEifQ=="
        }
      ]
    },
    {
      "mode": "managed",
      "type": "null_resource",
      "name": "build_jenkins_image",
      "provider": "provider[\"registry.terraform.io/hashicorp/null\"]",
      "instances": [
        {
          "schema_version": 0,
          "attributes": {
            "id": "5285810168730090784",
            "triggers": null
          },
          "sensitive_attributes": []
        }
      ]
    }
  ],
  "check_results": null
}
